// !$*UTF8*$!
{
	archiveVersion = 1;
	classes = {
	};
	objectVersion = 56;
	objects = {

/* Begin PBXBuildFile section */
		384C83562ADF26F4005F678D /* Weather.swift in Sources */ = {isa = PBXBuildFile; fileRef = 384C83552ADF26F4005F678D /* Weather.swift */; };
		3889E6742AD212C000FC95E9 /* MyWeatherApp.swift in Sources */ = {isa = PBXBuildFile; fileRef = 3889E6732AD212C000FC95E9 /* MyWeatherApp.swift */; };
		3889E6762AD212C000FC95E9 /* PreloaderView.swift in Sources */ = {isa = PBXBuildFile; fileRef = 3889E6752AD212C000FC95E9 /* PreloaderView.swift */; };
		3889E6782AD212C300FC95E9 /* Assets.xcassets in Resources */ = {isa = PBXBuildFile; fileRef = 3889E6772AD212C300FC95E9 /* Assets.xcassets */; };
		3889E67B2AD212C300FC95E9 /* Preview Assets.xcassets in Resources */ = {isa = PBXBuildFile; fileRef = 3889E67A2AD212C300FC95E9 /* Preview Assets.xcassets */; };
		3889E6832AD217B800FC95E9 /* Colors.swift in Sources */ = {isa = PBXBuildFile; fileRef = 3889E6822AD217B800FC95E9 /* Colors.swift */; };
		3889E6882AD21DAB00FC95E9 /* MainView.swift in Sources */ = {isa = PBXBuildFile; fileRef = 3889E6872AD21DAB00FC95E9 /* MainView.swift */; };
		3889E68B2AD2249200FC95E9 /* SettingsView.swift in Sources */ = {isa = PBXBuildFile; fileRef = 3889E68A2AD2249200FC95E9 /* SettingsView.swift */; };
		3889E68E2AD2257B00FC95E9 /* SettingButton.swift in Sources */ = {isa = PBXBuildFile; fileRef = 3889E68D2AD2257B00FC95E9 /* SettingButton.swift */; };
		3889E6982AD36DB500FC95E9 /* AirQualityView.swift in Sources */ = {isa = PBXBuildFile; fileRef = 3889E6972AD36DB500FC95E9 /* AirQualityView.swift */; };
/* End PBXBuildFile section */

/* Begin PBXFileReference section */
		384C83552ADF26F4005F678D /* Weather.swift */ = {isa = PBXFileReference; lastKnownFileType = sourcecode.swift; path = Weather.swift; sourceTree = "<group>"; };
		3889E6702AD212C000FC95E9 /* MyWeather.app */ = {isa = PBXFileReference; explicitFileType = wrapper.application; includeInIndex = 0; path = MyWeather.app; sourceTree = BUILT_PRODUCTS_DIR; };
		3889E6732AD212C000FC95E9 /* MyWeatherApp.swift */ = {isa = PBXFileReference; lastKnownFileType = sourcecode.swift; path = MyWeatherApp.swift; sourceTree = "<group>"; };
		3889E6752AD212C000FC95E9 /* PreloaderView.swift */ = {isa = PBXFileReference; lastKnownFileType = sourcecode.swift; path = PreloaderView.swift; sourceTree = "<group>"; };
		3889E6772AD212C300FC95E9 /* Assets.xcassets */ = {isa = PBXFileReference; lastKnownFileType = folder.assetcatalog; path = Assets.xcassets; sourceTree = "<group>"; };
		3889E67A2AD212C300FC95E9 /* Preview Assets.xcassets */ = {isa = PBXFileReference; lastKnownFileType = folder.assetcatalog; path = "Preview Assets.xcassets"; sourceTree = "<group>"; };
		3889E6822AD217B800FC95E9 /* Colors.swift */ = {isa = PBXFileReference; lastKnownFileType = sourcecode.swift; path = Colors.swift; sourceTree = "<group>"; };
		3889E6872AD21DAB00FC95E9 /* MainView.swift */ = {isa = PBXFileReference; lastKnownFileType = sourcecode.swift; path = MainView.swift; sourceTree = "<group>"; };
		3889E68A2AD2249200FC95E9 /* SettingsView.swift */ = {isa = PBXFileReference; lastKnownFileType = sourcecode.swift; path = SettingsView.swift; sourceTree = "<group>"; };
		3889E68D2AD2257B00FC95E9 /* SettingButton.swift */ = {isa = PBXFileReference; lastKnownFileType = sourcecode.swift; path = SettingButton.swift; sourceTree = "<group>"; };
		3889E6972AD36DB500FC95E9 /* AirQualityView.swift */ = {isa = PBXFileReference; lastKnownFileType = sourcecode.swift; path = AirQualityView.swift; sourceTree = "<group>"; };
/* End PBXFileReference section */

/* Begin PBXFrameworksBuildPhase section */
		3889E66D2AD212C000FC95E9 /* Frameworks */ = {
			isa = PBXFrameworksBuildPhase;
			buildActionMask = 2147483647;
			files = (
			);
			runOnlyForDeploymentPostprocessing = 0;
		};
/* End PBXFrameworksBuildPhase section */

/* Begin PBXGroup section */
		384C83542ADF26E6005F678D /* Model */ = {
			isa = PBXGroup;
			children = (
				384C83552ADF26F4005F678D /* Weather.swift */,
			);
			path = Model;
			sourceTree = "<group>";
		};
		3889E6672AD212C000FC95E9 = {
			isa = PBXGroup;
			children = (
				3889E6722AD212C000FC95E9 /* MyWeather */,
				3889E6712AD212C000FC95E9 /* Products */,
			);
			sourceTree = "<group>";
		};
		3889E6712AD212C000FC95E9 /* Products */ = {
			isa = PBXGroup;
			children = (
				3889E6702AD212C000FC95E9 /* MyWeather.app */,
			);
			name = Products;
			sourceTree = "<group>";
		};
		3889E6722AD212C000FC95E9 /* MyWeather */ = {
			isa = PBXGroup;
			children = (
				3889E6732AD212C000FC95E9 /* MyWeatherApp.swift */,
				384C83542ADF26E6005F678D /* Model */,
				3889E6842AD21CCD00FC95E9 /* View and ViewModel */,
				3889E6892AD2248400FC95E9 /* Settings */,
				3889E68C2AD224CF00FC95E9 /* ReusableComponents */,
				3889E6812AD2171F00FC95E9 /* Resources */,
				3889E6792AD212C300FC95E9 /* Preview Content */,
			);
			path = MyWeather;
			sourceTree = "<group>";
		};
		3889E6792AD212C300FC95E9 /* Preview Content */ = {
			isa = PBXGroup;
			children = (
				3889E67A2AD212C300FC95E9 /* Preview Assets.xcassets */,
			);
			path = "Preview Content";
			sourceTree = "<group>";
		};
		3889E6812AD2171F00FC95E9 /* Resources */ = {
			isa = PBXGroup;
			children = (
				3889E6772AD212C300FC95E9 /* Assets.xcassets */,
				3889E6822AD217B800FC95E9 /* Colors.swift */,
			);
			path = Resources;
			sourceTree = "<group>";
		};
		3889E6842AD21CCD00FC95E9 /* View and ViewModel */ = {
			isa = PBXGroup;
			children = (
				3889E6852AD21CEF00FC95E9 /* Preloader */,
				3889E6862AD21CF800FC95E9 /* Main */,
			);
			path = "View and ViewModel";
			sourceTree = "<group>";
		};
		3889E6852AD21CEF00FC95E9 /* Preloader */ = {
			isa = PBXGroup;
			children = (
				3889E6752AD212C000FC95E9 /* PreloaderView.swift */,
			);
			path = Preloader;
			sourceTree = "<group>";
		};
		3889E6862AD21CF800FC95E9 /* Main */ = {
			isa = PBXGroup;
			children = (
				3889E6872AD21DAB00FC95E9 /* MainView.swift */,
				3889E6962AD36D9F00FC95E9 /* Components */,
			);
			path = Main;
			sourceTree = "<group>";
		};
		3889E6892AD2248400FC95E9 /* Settings */ = {
			isa = PBXGroup;
			children = (
				3889E68A2AD2249200FC95E9 /* SettingsView.swift */,
			);
			path = Settings;
			sourceTree = "<group>";
		};
		3889E68C2AD224CF00FC95E9 /* ReusableComponents */ = {
			isa = PBXGroup;
			children = (
				3889E68D2AD2257B00FC95E9 /* SettingButton.swift */,
			);
			path = ReusableComponents;
			sourceTree = "<group>";
		};
		3889E6962AD36D9F00FC95E9 /* Components */ = {
			isa = PBXGroup;
			children = (
				3889E6972AD36DB500FC95E9 /* AirQualityView.swift */,
			);
			path = Components;
			sourceTree = "<group>";
		};
/* End PBXGroup section */

/* Begin PBXNativeTarget section */
		3889E66F2AD212C000FC95E9 /* MyWeather */ = {
			isa = PBXNativeTarget;
			buildConfigurationList = 3889E67E2AD212C300FC95E9 /* Build configuration list for PBXNativeTarget "MyWeather" */;
			buildPhases = (
				3889E66C2AD212C000FC95E9 /* Sources */,
				3889E66D2AD212C000FC95E9 /* Frameworks */,
				3889E66E2AD212C000FC95E9 /* Resources */,
			);
			buildRules = (
			);
			dependencies = (
			);
			name = MyWeather;
			productName = MyWeather;
			productReference = 3889E6702AD212C000FC95E9 /* MyWeather.app */;
			productType = "com.apple.product-type.application";
		};
/* End PBXNativeTarget section */

/* Begin PBXProject section */
		3889E6682AD212C000FC95E9 /* Project object */ = {
			isa = PBXProject;
			attributes = {
				BuildIndependentTargetsInParallel = 1;
				LastSwiftUpdateCheck = 1500;
				LastUpgradeCheck = 1500;
				TargetAttributes = {
					3889E66F2AD212C000FC95E9 = {
						CreatedOnToolsVersion = 15.0;
					};
				};
			};
			buildConfigurationList = 3889E66B2AD212C000FC95E9 /* Build configuration list for PBXProject "MyWeather" */;
			compatibilityVersion = "Xcode 14.0";
			developmentRegion = en;
			hasScannedForEncodings = 0;
			knownRegions = (
				en,
				Base,
			);
			mainGroup = 3889E6672AD212C000FC95E9;
			productRefGroup = 3889E6712AD212C000FC95E9 /* Products */;
			projectDirPath = "";
			projectRoot = "";
			targets = (
				3889E66F2AD212C000FC95E9 /* MyWeather */,
			);
		};
/* End PBXProject section */

/* Begin PBXResourcesBuildPhase section */
		3889E66E2AD212C000FC95E9 /* Resources */ = {
			isa = PBXResourcesBuildPhase;
			buildActionMask = 2147483647;
			files = (
				3889E67B2AD212C300FC95E9 /* Preview Assets.xcassets in Resources */,
				3889E6782AD212C300FC95E9 /* Assets.xcassets in Resources */,
			);
			runOnlyForDeploymentPostprocessing = 0;
		};
/* End PBXResourcesBuildPhase section */

/* Begin PBXSourcesBuildPhase section */
		3889E66C2AD212C000FC95E9 /* Sources */ = {
			isa = PBXSourcesBuildPhase;
			buildActionMask = 2147483647;
			files = (
				384C83562ADF26F4005F678D /* Weather.swift in Sources */,
				3889E68B2AD2249200FC95E9 /* SettingsView.swift in Sources */,
				3889E6762AD212C000FC95E9 /* PreloaderView.swift in Sources */,
				3889E68E2AD2257B00FC95E9 /* SettingButton.swift in Sources */,
				3889E6982AD36DB500FC95E9 /* AirQualityView.swift in Sources */,
				3889E6882AD21DAB00FC95E9 /* MainView.swift in Sources */,
				3889E6832AD217B800FC95E9 /* Colors.swift in Sources */,
				3889E6742AD212C000FC95E9 /* MyWeatherApp.swift in Sources */,
			);
			runOnlyForDeploymentPostprocessing = 0;
		};
/* End PBXSourcesBuildPhase section */

/* Begin XCBuildConfiguration section */
		3889E67C2AD212C300FC95E9 /* Debug */ = {
			isa = XCBuildConfiguration;
			buildSettings = {
				ALWAYS_SEARCH_USER_PATHS = NO;
				ASSETCATALOG_COMPILER_GENERATE_SWIFT_ASSET_SYMBOL_EXTENSIONS = YES;
				CLANG_ANALYZER_NONNULL = YES;
				CLANG_ANALYZER_NUMBER_OBJECT_CONVERSION = YES_AGGRESSIVE;
				CLANG_CXX_LANGUAGE_STANDARD = "gnu++20";
				CLANG_ENABLE_MODULES = YES;
				CLANG_ENABLE_OBJC_ARC = YES;
				CLANG_ENABLE_OBJC_WEAK = YES;
				CLANG_WARN_BLOCK_CAPTURE_AUTORELEASING = YES;
				CLANG_WARN_BOOL_CONVERSION = YES;
				CLANG_WARN_COMMA = YES;
				CLANG_WARN_CONSTANT_CONVERSION = YES;
				CLANG_WARN_DEPRECATED_OBJC_IMPLEMENTATIONS = YES;
				CLANG_WARN_DIRECT_OBJC_ISA_USAGE = YES_ERROR;
				CLANG_WARN_DOCUMENTATION_COMMENTS = YES;
				CLANG_WARN_EMPTY_BODY = YES;
				CLANG_WARN_ENUM_CONVERSION = YES;
				CLANG_WARN_INFINITE_RECURSION = YES;
				CLANG_WARN_INT_CONVERSION = YES;
				CLANG_WARN_NON_LITERAL_NULL_CONVERSION = YES;
				CLANG_WARN_OBJC_IMPLICIT_RETAIN_SELF = YES;
				CLANG_WARN_OBJC_LITERAL_CONVERSION = YES;
				CLANG_WARN_OBJC_ROOT_CLASS = YES_ERROR;
				CLANG_WARN_QUOTED_INCLUDE_IN_FRAMEWORK_HEADER = YES;
				CLANG_WARN_RANGE_LOOP_ANALYSIS = YES;
				CLANG_WARN_STRICT_PROTOTYPES = YES;
				CLANG_WARN_SUSPICIOUS_MOVE = YES;
				CLANG_WARN_UNGUARDED_AVAILABILITY = YES_AGGRESSIVE;
				CLANG_WARN_UNREACHABLE_CODE = YES;
				CLANG_WARN__DUPLICATE_METHOD_MATCH = YES;
				COPY_PHASE_STRIP = NO;
				DEBUG_INFORMATION_FORMAT = dwarf;
				ENABLE_STRICT_OBJC_MSGSEND = YES;
				ENABLE_TESTABILITY = YES;
				ENABLE_USER_SCRIPT_SANDBOXING = YES;
				GCC_C_LANGUAGE_STANDARD = gnu17;
				GCC_DYNAMIC_NO_PIC = NO;
				GCC_NO_COMMON_BLOCKS = YES;
				GCC_OPTIMIZATION_LEVEL = 0;
				GCC_PREPROCESSOR_DEFINITIONS = (
					"DEBUG=1",
					"$(inherited)",
				);
				GCC_WARN_64_TO_32_BIT_CONVERSION = YES;
				GCC_WARN_ABOUT_RETURN_TYPE = YES_ERROR;
				GCC_WARN_UNDECLARED_SELECTOR = YES;
				GCC_WARN_UNINITIALIZED_AUTOS = YES_AGGRESSIVE;
				GCC_WARN_UNUSED_FUNCTION = YES;
				GCC_WARN_UNUSED_VARIABLE = YES;
				IPHONEOS_DEPLOYMENT_TARGET = 17.0;
				LOCALIZATION_PREFERS_STRING_CATALOGS = YES;
				MTL_ENABLE_DEBUG_INFO = INCLUDE_SOURCE;
				MTL_FAST_MATH = YES;
				ONLY_ACTIVE_ARCH = YES;
				SDKROOT = iphoneos;
				SWIFT_ACTIVE_COMPILATION_CONDITIONS = "DEBUG $(inherited)";
				SWIFT_OPTIMIZATION_LEVEL = "-Onone";
			};
			name = Debug;
		};
		3889E67D2AD212C300FC95E9 /* Release */ = {
			isa = XCBuildConfiguration;
			buildSettings = {
				ALWAYS_SEARCH_USER_PATHS = NO;
				ASSETCATALOG_COMPILER_GENERATE_SWIFT_ASSET_SYMBOL_EXTENSIONS = YES;
				CLANG_ANALYZER_NONNULL = YES;
				CLANG_ANALYZER_NUMBER_OBJECT_CONVERSION = YES_AGGRESSIVE;
				CLANG_CXX_LANGUAGE_STANDARD = "gnu++20";
				CLANG_ENABLE_MODULES = YES;
				CLANG_ENABLE_OBJC_ARC = YES;
				CLANG_ENABLE_OBJC_WEAK = YES;
				CLANG_WARN_BLOCK_CAPTURE_AUTORELEASING = YES;
				CLANG_WARN_BOOL_CONVERSION = YES;
				CLANG_WARN_COMMA = YES;
				CLANG_WARN_CONSTANT_CONVERSION = YES;
				CLANG_WARN_DEPRECATED_OBJC_IMPLEMENTATIONS = YES;
				CLANG_WARN_DIRECT_OBJC_ISA_USAGE = YES_ERROR;
				CLANG_WARN_DOCUMENTATION_COMMENTS = YES;
				CLANG_WARN_EMPTY_BODY = YES;
				CLANG_WARN_ENUM_CONVERSION = YES;
				CLANG_WARN_INFINITE_RECURSION = YES;
				CLANG_WARN_INT_CONVERSION = YES;
				CLANG_WARN_NON_LITERAL_NULL_CONVERSION = YES;
				CLANG_WARN_OBJC_IMPLICIT_RETAIN_SELF = YES;
				CLANG_WARN_OBJC_LITERAL_CONVERSION = YES;
				CLANG_WARN_OBJC_ROOT_CLASS = YES_ERROR;
				CLANG_WARN_QUOTED_INCLUDE_IN_FRAMEWORK_HEADER = YES;
				CLANG_WARN_RANGE_LOOP_ANALYSIS = YES;
				CLANG_WARN_STRICT_PROTOTYPES = YES;
				CLANG_WARN_SUSPICIOUS_MOVE = YES;
				CLANG_WARN_UNGUARDED_AVAILABILITY = YES_AGGRESSIVE;
				CLANG_WARN_UNREACHABLE_CODE = YES;
				CLANG_WARN__DUPLICATE_METHOD_MATCH = YES;
				COPY_PHASE_STRIP = NO;
				DEBUG_INFORMATION_FORMAT = "dwarf-with-dsym";
				ENABLE_NS_ASSERTIONS = NO;
				ENABLE_STRICT_OBJC_MSGSEND = YES;
				ENABLE_USER_SCRIPT_SANDBOXING = YES;
				GCC_C_LANGUAGE_STANDARD = gnu17;
				GCC_NO_COMMON_BLOCKS = YES;
				GCC_WARN_64_TO_32_BIT_CONVERSION = YES;
				GCC_WARN_ABOUT_RETURN_TYPE = YES_ERROR;
				GCC_WARN_UNDECLARED_SELECTOR = YES;
				GCC_WARN_UNINITIALIZED_AUTOS = YES_AGGRESSIVE;
				GCC_WARN_UNUSED_FUNCTION = YES;
				GCC_WARN_UNUSED_VARIABLE = YES;
				IPHONEOS_DEPLOYMENT_TARGET = 17.0;
				LOCALIZATION_PREFERS_STRING_CATALOGS = YES;
				MTL_ENABLE_DEBUG_INFO = NO;
				MTL_FAST_MATH = YES;
				SDKROOT = iphoneos;
				SWIFT_COMPILATION_MODE = wholemodule;
				VALIDATE_PRODUCT = YES;
			};
			name = Release;
		};
		3889E67F2AD212C300FC95E9 /* Debug */ = {
			isa = XCBuildConfiguration;
			buildSettings = {
				ASSETCATALOG_COMPILER_APPICON_NAME = AppIcon;
				ASSETCATALOG_COMPILER_GLOBAL_ACCENT_COLOR_NAME = AccentColor;
				CODE_SIGN_STYLE = Automatic;
				CURRENT_PROJECT_VERSION = 1;
				DEVELOPMENT_ASSET_PATHS = "\"MyWeather/Preview Content\"";
				DEVELOPMENT_TEAM = 529RQ8FURU;
				ENABLE_PREVIEWS = YES;
				GENERATE_INFOPLIST_FILE = YES;
				INFOPLIST_KEY_UIApplicationSceneManifest_Generation = YES;
				INFOPLIST_KEY_UIApplicationSupportsIndirectInputEvents = YES;
				INFOPLIST_KEY_UILaunchScreen_Generation = YES;
				INFOPLIST_KEY_UISupportedInterfaceOrientations = UIInterfaceOrientationPortrait;
				INFOPLIST_KEY_UISupportedInterfaceOrientations_iPad = "UIInterfaceOrientationLandscapeLeft UIInterfaceOrientationLandscapeRight UIInterfaceOrientationPortrait UIInterfaceOrientationPortraitUpsideDown";
				IPHONEOS_DEPLOYMENT_TARGET = 15.0;
				LD_RUNPATH_SEARCH_PATHS = (
					"$(inherited)",
					"@executable_path/Frameworks",
				);
				MARKETING_VERSION = 1.0;
				PRODUCT_BUNDLE_IDENTIFIER = com.vd.MyWeather;
				PRODUCT_NAME = "$(TARGET_NAME)";
				SUPPORTED_PLATFORMS = "iphoneos iphonesimulator";
				SUPPORTS_MACCATALYST = NO;
				SUPPORTS_MAC_DESIGNED_FOR_IPHONE_IPAD = NO;
				SWIFT_EMIT_LOC_STRINGS = YES;
				SWIFT_VERSION = 5.0;
				TARGETED_DEVICE_FAMILY = 1;
			};
			name = Debug;
		};
		3889E6802AD212C300FC95E9 /* Release */ = {
			isa = XCBuildConfiguration;
			buildSettings = {
				ASSETCATALOG_COMPILER_APPICON_NAME = AppIcon;
				ASSETCATALOG_COMPILER_GLOBAL_ACCENT_COLOR_NAME = AccentColor;
				CODE_SIGN_STYLE = Automatic;
				CURRENT_PROJECT_VERSION = 1;
				DEVELOPMENT_ASSET_PATHS = "\"MyWeather/Preview Content\"";
				DEVELOPMENT_TEAM = 529RQ8FURU;
				ENABLE_PREVIEWS = YES;
				GENERATE_INFOPLIST_FILE = YES;
				INFOPLIST_KEY_UIApplicationSceneManifest_Generation = YES;
				INFOPLIST_KEY_UIApplicationSupportsIndirectInputEvents = YES;
				INFOPLIST_KEY_UILaunchScreen_Generation = YES;
				INFOPLIST_KEY_UISupportedInterfaceOrientations = UIInterfaceOrientationPortrait;
				INFOPLIST_KEY_UISupportedInterfaceOrientations_iPad = "UIInterfaceOrientationLandscapeLeft UIInterfaceOrientationLandscapeRight UIInterfaceOrientationPortrait UIInterfaceOrientationPortraitUpsideDown";
				IPHONEOS_DEPLOYMENT_TARGET = 15.0;
				LD_RUNPATH_SEARCH_PATHS = (
					"$(inherited)",
					"@executable_path/Frameworks",
				);
				MARKETING_VERSION = 1.0;
				PRODUCT_BUNDLE_IDENTIFIER = com.vd.MyWeather;
				PRODUCT_NAME = "$(TARGET_NAME)";
				SUPPORTED_PLATFORMS = "iphoneos iphonesimulator";
				SUPPORTS_MACCATALYST = NO;
				SUPPORTS_MAC_DESIGNED_FOR_IPHONE_IPAD = NO;
				SWIFT_EMIT_LOC_STRINGS = YES;
				SWIFT_VERSION = 5.0;
				TARGETED_DEVICE_FAMILY = 1;
			};
			name = Release;
		};
/* End XCBuildConfiguration section */

/* Begin XCConfigurationList section */
		3889E66B2AD212C000FC95E9 /* Build configuration list for PBXProject "MyWeather" */ = {
			isa = XCConfigurationList;
			buildConfigurations = (
				3889E67C2AD212C300FC95E9 /* Debug */,
				3889E67D2AD212C300FC95E9 /* Release */,
			);
			defaultConfigurationIsVisible = 0;
			defaultConfigurationName = Release;
		};
		3889E67E2AD212C300FC95E9 /* Build configuration list for PBXNativeTarget "MyWeather" */ = {
			isa = XCConfigurationList;
			buildConfigurations = (
				3889E67F2AD212C300FC95E9 /* Debug */,
				3889E6802AD212C300FC95E9 /* Release */,
			);
			defaultConfigurationIsVisible = 0;
			defaultConfigurationName = Release;
		};
/* End XCConfigurationList section */
	};
	rootObject = 3889E6682AD212C000FC95E9 /* Project object */;
}
